<?xml version="1.0" encoding="utf-8"?>
<Project ToolsVersion="17.0" xmlns="http://schemas.microsoft.com/developer/msbuild/2003">
  <ItemGroup>
    <ClCompile Include="D:\Rachel\ylcs\ylcs-kmp\cpp\libmmkv\main.cpp">
      <Filter>Source Files</Filter>
    </ClCompile>
    <ClCompile Include="D:\Rachel\ylcs\ylcs-kmp\cpp\libmmkv\MMKV.cpp">
      <Filter>Source Files</Filter>
    </ClCompile>
    <ClCompile Include="D:\Rachel\ylcs\ylcs-kmp\cpp\libmmkv\MMKV_Android.cpp">
      <Filter>Source Files</Filter>
    </ClCompile>
    <ClCompile Include="D:\Rachel\ylcs\ylcs-kmp\cpp\libmmkv\MMKV_IO.cpp">
      <Filter>Source Files</Filter>
    </ClCompile>
    <ClCompile Include="D:\Rachel\ylcs\ylcs-kmp\cpp\libmmkv\MMKV_OSX.cpp">
      <Filter>Source Files</Filter>
    </ClCompile>
    <ClCompile Include="D:\Rachel\ylcs\ylcs-kmp\cpp\libmmkv\MMKVLog.cpp">
      <Filter>Source Files</Filter>
    </ClCompile>
    <ClCompile Include="D:\Rachel\ylcs\ylcs-kmp\cpp\libmmkv\MMKVLog_Android.cpp">
      <Filter>Source Files</Filter>
    </ClCompile>
    <ClCompile Include="D:\Rachel\ylcs\ylcs-kmp\cpp\libmmkv\CodedInputData.cpp">
      <Filter>Source Files</Filter>
    </ClCompile>
    <ClCompile Include="D:\Rachel\ylcs\ylcs-kmp\cpp\libmmkv\CodedInputData_OSX.cpp">
      <Filter>Source Files</Filter>
    </ClCompile>
    <ClCompile Include="D:\Rachel\ylcs\ylcs-kmp\cpp\libmmkv\CodedInputDataCrypt.cpp">
      <Filter>Source Files</Filter>
    </ClCompile>
    <ClCompile Include="D:\Rachel\ylcs\ylcs-kmp\cpp\libmmkv\CodedInputDataCrypt_OSX.cpp">
      <Filter>Source Files</Filter>
    </ClCompile>
    <ClCompile Include="D:\Rachel\ylcs\ylcs-kmp\cpp\libmmkv\CodedOutputData.cpp">
      <Filter>Source Files</Filter>
    </ClCompile>
    <ClCompile Include="D:\Rachel\ylcs\ylcs-kmp\cpp\libmmkv\KeyValueHolder.cpp">
      <Filter>Source Files</Filter>
    </ClCompile>
    <ClCompile Include="D:\Rachel\ylcs\ylcs-kmp\cpp\libmmkv\PBUtility.cpp">
      <Filter>Source Files</Filter>
    </ClCompile>
    <ClCompile Include="D:\Rachel\ylcs\ylcs-kmp\cpp\libmmkv\MiniPBCoder.cpp">
      <Filter>Source Files</Filter>
    </ClCompile>
    <ClCompile Include="D:\Rachel\ylcs\ylcs-kmp\cpp\libmmkv\MiniPBCoder_OSX.cpp">
      <Filter>Source Files</Filter>
    </ClCompile>
    <ClCompile Include="D:\Rachel\ylcs\ylcs-kmp\cpp\libmmkv\MMBuffer.cpp">
      <Filter>Source Files</Filter>
    </ClCompile>
    <ClCompile Include="D:\Rachel\ylcs\ylcs-kmp\cpp\libmmkv\InterProcessLock.cpp">
      <Filter>Source Files</Filter>
    </ClCompile>
    <ClCompile Include="D:\Rachel\ylcs\ylcs-kmp\cpp\libmmkv\InterProcessLock_Win32.cpp">
      <Filter>Source Files</Filter>
    </ClCompile>
    <ClCompile Include="D:\Rachel\ylcs\ylcs-kmp\cpp\libmmkv\InterProcessLock_Android.cpp">
      <Filter>Source Files</Filter>
    </ClCompile>
    <ClCompile Include="D:\Rachel\ylcs\ylcs-kmp\cpp\libmmkv\MemoryFile.cpp">
      <Filter>Source Files</Filter>
    </ClCompile>
    <ClCompile Include="D:\Rachel\ylcs\ylcs-kmp\cpp\libmmkv\MemoryFile_Android.cpp">
      <Filter>Source Files</Filter>
    </ClCompile>
    <ClCompile Include="D:\Rachel\ylcs\ylcs-kmp\cpp\libmmkv\MemoryFile_Linux.cpp">
      <Filter>Source Files</Filter>
    </ClCompile>
    <ClCompile Include="D:\Rachel\ylcs\ylcs-kmp\cpp\libmmkv\MemoryFile_Win32.cpp">
      <Filter>Source Files</Filter>
    </ClCompile>
    <ClCompile Include="D:\Rachel\ylcs\ylcs-kmp\cpp\libmmkv\MemoryFile_OSX.cpp">
      <Filter>Source Files</Filter>
    </ClCompile>
    <ClCompile Include="D:\Rachel\ylcs\ylcs-kmp\cpp\libmmkv\ThreadLock.cpp">
      <Filter>Source Files</Filter>
    </ClCompile>
    <ClCompile Include="D:\Rachel\ylcs\ylcs-kmp\cpp\libmmkv\ThreadLock_Win32.cpp">
      <Filter>Source Files</Filter>
    </ClCompile>
    <ClCompile Include="D:\Rachel\ylcs\ylcs-kmp\cpp\libmmkv\aes\AESCrypt.cpp">
      <Filter>Source Files</Filter>
    </ClCompile>
    <ClCompile Include="D:\Rachel\ylcs\ylcs-kmp\cpp\libmmkv\aes\openssl\openssl_aes_core.cpp">
      <Filter>Source Files</Filter>
    </ClCompile>
    <ClCompile Include="D:\Rachel\ylcs\ylcs-kmp\cpp\libmmkv\aes\openssl\openssl_cfb128.cpp">
      <Filter>Source Files</Filter>
    </ClCompile>
    <ClCompile Include="D:\Rachel\ylcs\ylcs-kmp\cpp\libmmkv\aes\openssl\openssl_md5_dgst.cpp">
      <Filter>Source Files</Filter>
    </ClCompile>
    <ClCompile Include="D:\Rachel\ylcs\ylcs-kmp\cpp\libmmkv\aes\openssl\openssl_md5_one.cpp">
      <Filter>Source Files</Filter>
    </ClCompile>
    <ClCompile Include="D:\Rachel\ylcs\ylcs-kmp\cpp\libmmkv\crc32\crc32_armv8.cpp">
      <Filter>Source Files</Filter>
    </ClCompile>
    <ClCompile Include="D:\Rachel\ylcs\ylcs-kmp\cpp\libmmkv\crc32\zlib\crc32.cpp">
      <Filter>Source Files</Filter>
    </ClCompile>
  </ItemGroup>
  <ItemGroup>
    <ClInclude Include="D:\Rachel\ylcs\ylcs-kmp\cpp\libmmkv\MMKV.h">
      <Filter>Header Files</Filter>
    </ClInclude>
    <ClInclude Include="D:\Rachel\ylcs\ylcs-kmp\cpp\libmmkv\MMKV_IO.h">
      <Filter>Header Files</Filter>
    </ClInclude>
    <ClInclude Include="D:\Rachel\ylcs\ylcs-kmp\cpp\libmmkv\MMKVLog.h">
      <Filter>Header Files</Filter>
    </ClInclude>
    <ClInclude Include="D:\Rachel\ylcs\ylcs-kmp\cpp\libmmkv\CodedInputData.h">
      <Filter>Header Files</Filter>
    </ClInclude>
    <ClInclude Include="D:\Rachel\ylcs\ylcs-kmp\cpp\libmmkv\CodedInputDataCrypt.h">
      <Filter>Header Files</Filter>
    </ClInclude>
    <ClInclude Include="D:\Rachel\ylcs\ylcs-kmp\cpp\libmmkv\CodedOutputData.h">
      <Filter>Header Files</Filter>
    </ClInclude>
    <ClInclude Include="D:\Rachel\ylcs\ylcs-kmp\cpp\libmmkv\KeyValueHolder.h">
      <Filter>Header Files</Filter>
    </ClInclude>
    <ClInclude Include="D:\Rachel\ylcs\ylcs-kmp\cpp\libmmkv\PBUtility.h">
      <Filter>Header Files</Filter>
    </ClInclude>
    <ClInclude Include="D:\Rachel\ylcs\ylcs-kmp\cpp\libmmkv\MiniPBCoder.h">
      <Filter>Header Files</Filter>
    </ClInclude>
    <ClInclude Include="D:\Rachel\ylcs\ylcs-kmp\cpp\libmmkv\MMBuffer.h">
      <Filter>Header Files</Filter>
    </ClInclude>
    <ClInclude Include="D:\Rachel\ylcs\ylcs-kmp\cpp\libmmkv\InterProcessLock.h">
      <Filter>Header Files</Filter>
    </ClInclude>
    <ClInclude Include="D:\Rachel\ylcs\ylcs-kmp\cpp\libmmkv\MemoryFile.h">
      <Filter>Header Files</Filter>
    </ClInclude>
    <ClInclude Include="D:\Rachel\ylcs\ylcs-kmp\cpp\libmmkv\ThreadLock.h">
      <Filter>Header Files</Filter>
    </ClInclude>
    <ClInclude Include="D:\Rachel\ylcs\ylcs-kmp\cpp\libmmkv\MMKVMetaInfo.hpp">
      <Filter>Header Files</Filter>
    </ClInclude>
    <ClInclude Include="D:\Rachel\ylcs\ylcs-kmp\cpp\libmmkv\aes\AESCrypt.h">
      <Filter>Header Files</Filter>
    </ClInclude>
    <ClInclude Include="D:\Rachel\ylcs\ylcs-kmp\cpp\libmmkv\aes\openssl\openssl_aes.h">
      <Filter>Header Files</Filter>
    </ClInclude>
    <ClInclude Include="D:\Rachel\ylcs\ylcs-kmp\cpp\libmmkv\aes\openssl\openssl_aes_locl.h">
      <Filter>Header Files</Filter>
    </ClInclude>
    <ClInclude Include="D:\Rachel\ylcs\ylcs-kmp\cpp\libmmkv\aes\openssl\openssl_opensslconf.h">
      <Filter>Header Files</Filter>
    </ClInclude>
    <ClInclude Include="D:\Rachel\ylcs\ylcs-kmp\cpp\libmmkv\aes\openssl\openssl_md5_locl.h">
      <Filter>Header Files</Filter>
    </ClInclude>
    <ClInclude Include="D:\Rachel\ylcs\ylcs-kmp\cpp\libmmkv\aes\openssl\openssl_md5.h">
      <Filter>Header Files</Filter>
    </ClInclude>
    <ClInclude Include="D:\Rachel\ylcs\ylcs-kmp\cpp\libmmkv\aes\openssl\openssl_md32_common.h">
      <Filter>Header Files</Filter>
    </ClInclude>
    <ClInclude Include="D:\Rachel\ylcs\ylcs-kmp\cpp\libmmkv\aes\openssl\openssl_arm_arch.h">
      <Filter>Header Files</Filter>
    </ClInclude>
    <ClInclude Include="D:\Rachel\ylcs\ylcs-kmp\cpp\libmmkv\crc32\Checksum.h">
      <Filter>Header Files</Filter>
    </ClInclude>
    <ClInclude Include="D:\Rachel\ylcs\ylcs-kmp\cpp\libmmkv\crc32\zlib\zconf.h">
      <Filter>Header Files</Filter>
    </ClInclude>
    <ClInclude Include="D:\Rachel\ylcs\ylcs-kmp\cpp\libmmkv\crc32\zlib\zutil.h">
      <Filter>Header Files</Filter>
    </ClInclude>
    <ClInclude Include="D:\Rachel\ylcs\ylcs-kmp\cpp\libmmkv\crc32\zlib\crc32.h">
      <Filter>Header Files</Filter>
    </ClInclude>
    <ClInclude Include="D:\Rachel\ylcs\ylcs-kmp\cpp\libmmkv\MMKVPredef.h">
      <Filter>Header Files</Filter>
    </ClInclude>
  </ItemGroup>
  <ItemGroup>
    <CustomBuild Include="D:\Rachel\ylcs\ylcs-kmp\cpp\libmmkv\CMakeLists.txt" />
  </ItemGroup>
  <ItemGroup>
    <Filter Include="Header Files">
      <UniqueIdentifier>{784D2B34-E89D-3827-AB19-4D807048C4E0}</UniqueIdentifier>
    </Filter>
    <Filter Include="Source Files">
      <UniqueIdentifier>{DBBB5FDB-ABC2-3263-99F5-688E46742A97}</UniqueIdentifier>
    </Filter>
  </ItemGroup>
</Project>
