PODS:
  - MMKV (2.2.2):
    - MMKVCore (~> 2.2.2)
  - MMKVCore (2.2.2)
  - SGQRCode (4.1.0)
  - ylcs-app (3.0.4):
    - MMKV (= 2.2.2)
    - SGQRCode (= 4.1.0)
    - YLCSCore
  - YLCSCore (0.0.1)

DEPENDENCIES:
  - ylcs-app (from `../ylcs-app`)
  - YLCSCore (from `../iosApp/core`)

SPEC REPOS:
  trunk:
    - MMKV
    - MMKVCore
    - SGQRCode

EXTERNAL SOURCES:
  ylcs-app:
    :path: "../ylcs-app"
  YLCSCore:
    :path: "../iosApp/core"

SPEC CHECKSUMS:
  MMKV: b4802ebd5a7c68fc0c4a5ccb4926fbdfb62d68e0
  MMKVCore: a255341a3746955f50da2ad9121b18cb2b346e61
  SGQRCode: 6ad664d63f38f2842503bc5087812c5a3136d924
  ylcs-app: 70b592b9c0330ef31edd79f92c8e10f1536a20e2
  YLCSCore: ca05d5345f1c351ecfec8f32aac8eecb7975e02d

PODFILE CHECKSUM: 0d47abdc2df72fd63ed28a56de89ba9cf72c25a3

COCOAPODS: 1.16.2
